
Microsoft Visual Studio Solution File, Format Version 11.00
# Visual Studio 2010
Project("{FAE04EC0-301F-11D3-BF4B-00C04F79EFBC}") = "AStyleExtension", "AStyleExtension\AStyleExtension2010.csproj", "{BA1C72BE-F8F5-4076-8C5C-FCEF8A9C877C}"
EndProject
Global
	GlobalSection(SolutionConfigurationPlatforms) = preSolution
		Debug|Any CPU = Debug|Any CPU
		Release|Any CPU = Release|Any CPU
	EndGlobalSection
	GlobalSection(ProjectConfigurationPlatforms) = postSolution
		{BA1C72BE-F8F5-4076-8C5C-FCEF8A9C877C}.Debug|Any CPU.ActiveCfg = Debug|Any CPU
		{BA1C72BE-F8F5-4076-8C5C-FCEF8A9C877C}.Debug|Any CPU.Build.0 = Debug|Any CPU
		{BA1C72BE-F8F5-4076-8C5C-FCEF8A9C877C}.Release|Any CPU.ActiveCfg = Release|Any CPU
		{BA1C72BE-F8F5-4076-8C5C-FCEF8A9C877C}.Release|Any CPU.Build.0 = Release|Any CPU
	EndGlobalSection
	GlobalSection(SolutionProperties) = preSolution
		HideSolutionNode = FALSE
	EndGlobalSection
	GlobalSection(ExtensibilityGlobals) = postSolution
		VisualSVNWorkingCopyRoot = .
	EndGlobalSection
EndGlobal
